{
    "_meta": {
        "hash": {
            "sha256": "c17e0f8533fa002001a7f36e3f61cccbd2a82933fb28c70a20a3d1d7b669594a"
        },
        "pipfile-spec": 6,
        "requires": {
            "python_version": "3.7"
        },
        "sources": [
            {
                "name": "pypi",
                "url": "https://pypi.org/simple",
                "verify_ssl": true
            }
        ]
    },
    "default": {
        "django": {
            "hashes": [
                "sha256:3339ff0e03dee13045aef6ae7b523edff75b6d726adf7a7a48f53d5a501f7db7",
                "sha256:f2084ceecff86b1e631c2cd4107d435daf4e12f1efcdf11061a73bf0b5e95f92"
            ],
            "index": "pypi",
            "version": "==2.2.24"
        },
        "pytz": {
            "hashes": [
                "sha256:1c557d7d0e871de1f5ccd5833f60fb2550652da6be2693c1e02300743d21500d",
                "sha256:b02c06db6cf09c12dd25137e563b31700d3b80fcc4ad23abb7a315f2789819be"
            ],
            "index": "pypi",
            "version": "==2019.3"
        },
        "sqlparse": {
            "hashes": [
                "sha256:40afe6b8d4b1117e7dff5504d7a8ce07d9a1b15aeeade8a2d10f130a834f8177",
                "sha256:7c3dca29c022744e95b547e867cee89f4fce4373f3549ccd8797d8eb52cdb873"
            ],
            "index": "pypi",
            "version": "==0.3.0"
        }
    },
    "develop": {}
}
